
Microsoft Visual Studio Solution File, Format Version 12.00
# Visual Studio Version 17
VisualStudioVersion = 17.13.35913.81
MinimumVisualStudioVersion = 10.0.40219.1
Project("{FAE04EC0-301F-11D3-BF4B-00C04F79EFBC}") = "OpenBrowserServer", "OpenBrowserServer\OpenBrowserServer.csproj", "{FBE7AEF2-C37E-48F8-B47B-5D6A316EE322}"
EndProject
Project("{FAE04EC0-301F-11D3-BF4B-00C04F79EFBC}") = "OpenBrowserServer.Component", "OpenBrowserServer.Component\OpenBrowserServer.Component.csproj", "{5FC24151-AFB4-428C-899D-55F130774E33}"
EndProject
Project("{FAE04EC0-301F-11D3-BF4B-00C04F79EFBC}") = "OpenBrowserServer.WebServer", "OpenBrowserServer.WebServer\OpenBrowserServer.WebServer.csproj", "{B19ADB0A-CC3F-44BF-BD67-43FCB1E69FB4}"
EndProject
Project("{FAE04EC0-301F-11D3-BF4B-00C04F79EFBC}") = "OpenBrowserServer.Logger", "OpenBrowserServer.Logger\OpenBrowserServer.Logger.csproj", "{C909570F-7BBB-4208-ADC8-D3417B001664}"
EndProject
Project("{2150E333-8FDC-42A3-9474-1A3956D46DE8}") = "ソリューション項目", "ソリューション項目", "{2022CB0F-8BAF-F49E-0C48-8EF4C96EC109}"
	ProjectSection(SolutionItems) = preProject
		setting.yaml = setting.yaml
		UpdateVersion.ps1 = UpdateVersion.ps1
	EndProjectSection
EndProject
Project("{54435603-DBB4-11D2-8724-00A0C9A8B90C}") = "OpenBrowserServer_Installer", "OpenBrowserServer_Installer\OpenBrowserServer_Installer.vdproj", "{F6D35A24-F169-3CA7-C6FD-970340555FEA}"
EndProject
Global
	GlobalSection(SolutionConfigurationPlatforms) = preSolution
		Booth|Any CPU = Booth|Any CPU
		Debug|Any CPU = Debug|Any CPU
		Free|Any CPU = Free|Any CPU
		Release|Any CPU = Release|Any CPU
	EndGlobalSection
	GlobalSection(ProjectConfigurationPlatforms) = postSolution
		{FBE7AEF2-C37E-48F8-B47B-5D6A316EE322}.Booth|Any CPU.ActiveCfg = Booth|Any CPU
		{FBE7AEF2-C37E-48F8-B47B-5D6A316EE322}.Booth|Any CPU.Build.0 = Booth|Any CPU
		{FBE7AEF2-C37E-48F8-B47B-5D6A316EE322}.Debug|Any CPU.ActiveCfg = Debug|Any CPU
		{FBE7AEF2-C37E-48F8-B47B-5D6A316EE322}.Debug|Any CPU.Build.0 = Debug|Any CPU
		{FBE7AEF2-C37E-48F8-B47B-5D6A316EE322}.Free|Any CPU.ActiveCfg = Free|Any CPU
		{FBE7AEF2-C37E-48F8-B47B-5D6A316EE322}.Release|Any CPU.ActiveCfg = Release|Any CPU
		{FBE7AEF2-C37E-48F8-B47B-5D6A316EE322}.Release|Any CPU.Build.0 = Release|Any CPU
		{5FC24151-AFB4-428C-899D-55F130774E33}.Booth|Any CPU.ActiveCfg = Booth|Any CPU
		{5FC24151-AFB4-428C-899D-55F130774E33}.Booth|Any CPU.Build.0 = Booth|Any CPU
		{5FC24151-AFB4-428C-899D-55F130774E33}.Debug|Any CPU.ActiveCfg = Debug|Any CPU
		{5FC24151-AFB4-428C-899D-55F130774E33}.Debug|Any CPU.Build.0 = Debug|Any CPU
		{5FC24151-AFB4-428C-899D-55F130774E33}.Free|Any CPU.ActiveCfg = Free|Any CPU
		{5FC24151-AFB4-428C-899D-55F130774E33}.Free|Any CPU.Build.0 = Free|Any CPU
		{5FC24151-AFB4-428C-899D-55F130774E33}.Release|Any CPU.ActiveCfg = Release|Any CPU
		{5FC24151-AFB4-428C-899D-55F130774E33}.Release|Any CPU.Build.0 = Release|Any CPU
		{B19ADB0A-CC3F-44BF-BD67-43FCB1E69FB4}.Booth|Any CPU.ActiveCfg = Booth|Any CPU
		{B19ADB0A-CC3F-44BF-BD67-43FCB1E69FB4}.Booth|Any CPU.Build.0 = Booth|Any CPU
		{B19ADB0A-CC3F-44BF-BD67-43FCB1E69FB4}.Debug|Any CPU.ActiveCfg = Debug|Any CPU
		{B19ADB0A-CC3F-44BF-BD67-43FCB1E69FB4}.Debug|Any CPU.Build.0 = Debug|Any CPU
		{B19ADB0A-CC3F-44BF-BD67-43FCB1E69FB4}.Free|Any CPU.ActiveCfg = Free|Any CPU
		{B19ADB0A-CC3F-44BF-BD67-43FCB1E69FB4}.Free|Any CPU.Build.0 = Free|Any CPU
		{B19ADB0A-CC3F-44BF-BD67-43FCB1E69FB4}.Release|Any CPU.ActiveCfg = Release|Any CPU
		{B19ADB0A-CC3F-44BF-BD67-43FCB1E69FB4}.Release|Any CPU.Build.0 = Release|Any CPU
		{C909570F-7BBB-4208-ADC8-D3417B001664}.Booth|Any CPU.ActiveCfg = Booth|Any CPU
		{C909570F-7BBB-4208-ADC8-D3417B001664}.Booth|Any CPU.Build.0 = Booth|Any CPU
		{C909570F-7BBB-4208-ADC8-D3417B001664}.Debug|Any CPU.ActiveCfg = Debug|Any CPU
		{C909570F-7BBB-4208-ADC8-D3417B001664}.Debug|Any CPU.Build.0 = Debug|Any CPU
		{C909570F-7BBB-4208-ADC8-D3417B001664}.Free|Any CPU.ActiveCfg = Free|Any CPU
		{C909570F-7BBB-4208-ADC8-D3417B001664}.Free|Any CPU.Build.0 = Free|Any CPU
		{C909570F-7BBB-4208-ADC8-D3417B001664}.Release|Any CPU.ActiveCfg = Release|Any CPU
		{C909570F-7BBB-4208-ADC8-D3417B001664}.Release|Any CPU.Build.0 = Release|Any CPU
		{F6D35A24-F169-3CA7-C6FD-970340555FEA}.Booth|Any CPU.ActiveCfg = Booth
		{F6D35A24-F169-3CA7-C6FD-970340555FEA}.Debug|Any CPU.ActiveCfg = Debug
		{F6D35A24-F169-3CA7-C6FD-970340555FEA}.Free|Any CPU.ActiveCfg = Free
		{F6D35A24-F169-3CA7-C6FD-970340555FEA}.Release|Any CPU.ActiveCfg = Release
	EndGlobalSection
	GlobalSection(SolutionProperties) = preSolution
		HideSolutionNode = FALSE
	EndGlobalSection
	GlobalSection(ExtensibilityGlobals) = postSolution
		SolutionGuid = {8AB86A6D-7916-4B1C-81AF-7F8AE50A94C2}
	EndGlobalSection
EndGlobal
